
Microsoft Visual Studio Solution File, Format Version 12.00
# Visual Studio 15
VisualStudioVersion = 15.0.27130.2010
MinimumVisualStudioVersion = 10.0.40219.1
Project("{9A19103F-16F7-4668-BE54-9A1E7A4F7556}") = "SpaceshipClicker.Web", "SpaceshipClicker.Web\SpaceshipClicker.Web.csproj", "{5B00E2AE-CAFF-42AE-88E8-8FA78D406029}"
EndProject
Project("{9A19103F-16F7-4668-BE54-9A1E7A4F7556}") = "SpaceshipClicker.Data", "SpaceshipClicker.Data\SpaceshipClicker.Data.csproj", "{38642CC6-705E-4DA5-94FE-C4013046E255}"
EndProject
Project("{9A19103F-16F7-4668-BE54-9A1E7A4F7556}") = "SpaceshipClicker.Services", "SpaceshipClicker.Services\SpaceshipClicker.Services.csproj", "{88DD6C54-3068-4DB7-ADAB-5247AD51D93A}"
EndProject
Project("{FAE04EC0-301F-11D3-BF4B-00C04F79EFBC}") = "SpaceshipClicker.Constants", "SpaceshipClicker.Constants\SpaceshipClicker.Constants.csproj", "{F7114B90-FAA1-4E04-A038-8C03E9BC1234}"
EndProject
Global
	GlobalSection(SolutionConfigurationPlatforms) = preSolution
		Debug|Any CPU = Debug|Any CPU
		Release|Any CPU = Release|Any CPU
	EndGlobalSection
	GlobalSection(ProjectConfigurationPlatforms) = postSolution
		{5B00E2AE-CAFF-42AE-88E8-8FA78D406029}.Debug|Any CPU.ActiveCfg = Debug|Any CPU
		{5B00E2AE-CAFF-42AE-88E8-8FA78D406029}.Debug|Any CPU.Build.0 = Debug|Any CPU
		{5B00E2AE-CAFF-42AE-88E8-8FA78D406029}.Release|Any CPU.ActiveCfg = Release|Any CPU
		{5B00E2AE-CAFF-42AE-88E8-8FA78D406029}.Release|Any CPU.Build.0 = Release|Any CPU
		{38642CC6-705E-4DA5-94FE-C4013046E255}.Debug|Any CPU.ActiveCfg = Debug|Any CPU
		{38642CC6-705E-4DA5-94FE-C4013046E255}.Debug|Any CPU.Build.0 = Debug|Any CPU
		{38642CC6-705E-4DA5-94FE-C4013046E255}.Release|Any CPU.ActiveCfg = Release|Any CPU
		{38642CC6-705E-4DA5-94FE-C4013046E255}.Release|Any CPU.Build.0 = Release|Any CPU
		{88DD6C54-3068-4DB7-ADAB-5247AD51D93A}.Debug|Any CPU.ActiveCfg = Debug|Any CPU
		{88DD6C54-3068-4DB7-ADAB-5247AD51D93A}.Debug|Any CPU.Build.0 = Debug|Any CPU
		{88DD6C54-3068-4DB7-ADAB-5247AD51D93A}.Release|Any CPU.ActiveCfg = Release|Any CPU
		{88DD6C54-3068-4DB7-ADAB-5247AD51D93A}.Release|Any CPU.Build.0 = Release|Any CPU
		{F7114B90-FAA1-4E04-A038-8C03E9BC1234}.Debug|Any CPU.ActiveCfg = Debug|Any CPU
		{F7114B90-FAA1-4E04-A038-8C03E9BC1234}.Debug|Any CPU.Build.0 = Debug|Any CPU
		{F7114B90-FAA1-4E04-A038-8C03E9BC1234}.Release|Any CPU.ActiveCfg = Release|Any CPU
		{F7114B90-FAA1-4E04-A038-8C03E9BC1234}.Release|Any CPU.Build.0 = Release|Any CPU
	EndGlobalSection
	GlobalSection(SolutionProperties) = preSolution
		HideSolutionNode = FALSE
	EndGlobalSection
	GlobalSection(ExtensibilityGlobals) = postSolution
		SolutionGuid = {EE3985E0-80B8-4084-B16F-2C817B48CEA9}
	EndGlobalSection
EndGlobal
